// !$*UTF8*$!
{
	archiveVersion = 1;
	classes = {
	};
	objectVersion = 50;
	objects = {

/* Begin PBXBuildFile section */
		D87A99310F94A459F1B1C8DC /* Pods_Loco.framework in Frameworks */ = {isa = PBXBuildFile; fileRef = 2B324BAA74FF731D419643EC /* Pods_Loco.framework */; };
		E464AEA7236A817C00CBAAF2 /* AppDelegate.swift in Sources */ = {isa = PBXBuildFile; fileRef = E464AEA6236A817C00CBAAF2 /* AppDelegate.swift */; };
		E464AEA9236A817C00CBAAF2 /* ViewController.swift in Sources */ = {isa = PBXBuildFile; fileRef = E464AEA8236A817C00CBAAF2 /* ViewController.swift */; };
		E464AEAC236A817C00CBAAF2 /* Main.storyboard in Resources */ = {isa = PBXBuildFile; fileRef = E464AEAA236A817C00CBAAF2 /* Main.storyboard */; };
		E464AEAE236A817D00CBAAF2 /* Assets.xcassets in Resources */ = {isa = PBXBuildFile; fileRef = E464AEAD236A817D00CBAAF2 /* Assets.xcassets */; };
		E464AEB1236A817D00CBAAF2 /* LaunchScreen.storyboard in Resources */ = {isa = PBXBuildFile; fileRef = E464AEAF236A817D00CBAAF2 /* LaunchScreen.storyboard */; };
/* End PBXBuildFile section */

/* Begin PBXFileReference section */
		2B324BAA74FF731D419643EC /* Pods_Loco.framework */ = {isa = PBXFileReference; explicitFileType = wrapper.framework; includeInIndex = 0; path = Pods_Loco.framework; sourceTree = BUILT_PRODUCTS_DIR; };
		431A5E0D1D47CE1C2B4F81A2 /* Pods-Loco.debug.xcconfig */ = {isa = PBXFileReference; includeInIndex = 1; lastKnownFileType = text.xcconfig; name = "Pods-Loco.debug.xcconfig"; path = "Target Support Files/Pods-Loco/Pods-Loco.debug.xcconfig"; sourceTree = "<group>"; };
		4922756B2EC70B40DC47CC23 /* Pods-Loco.release.xcconfig */ = {isa = PBXFileReference; includeInIndex = 1; lastKnownFileType = text.xcconfig; name = "Pods-Loco.release.xcconfig"; path = "Target Support Files/Pods-Loco/Pods-Loco.release.xcconfig"; sourceTree = "<group>"; };
		E464AEA3236A817C00CBAAF2 /* Loco.app */ = {isa = PBXFileReference; explicitFileType = wrapper.application; includeInIndex = 0; path = Loco.app; sourceTree = BUILT_PRODUCTS_DIR; };
		E464AEA6236A817C00CBAAF2 /* AppDelegate.swift */ = {isa = PBXFileReference; lastKnownFileType = sourcecode.swift; path = AppDelegate.swift; sourceTree = "<group>"; };
		E464AEA8236A817C00CBAAF2 /* ViewController.swift */ = {isa = PBXFileReference; lastKnownFileType = sourcecode.swift; path = ViewController.swift; sourceTree = "<group>"; };
		E464AEAB236A817C00CBAAF2 /* Base */ = {isa = PBXFileReference; lastKnownFileType = file.storyboard; name = Base; path = Base.lproj/Main.storyboard; sourceTree = "<group>"; };
		E464AEAD236A817D00CBAAF2 /* Assets.xcassets */ = {isa = PBXFileReference; lastKnownFileType = folder.assetcatalog; path = Assets.xcassets; sourceTree = "<group>"; };
		E464AEB0236A817D00CBAAF2 /* Base */ = {isa = PBXFileReference; lastKnownFileType = file.storyboard; name = Base; path = Base.lproj/LaunchScreen.storyboard; sourceTree = "<group>"; };
		E464AEB2236A817D00CBAAF2 /* Info.plist */ = {isa = PBXFileReference; lastKnownFileType = text.plist.xml; path = Info.plist; sourceTree = "<group>"; };
/* End PBXFileReference section */

/* Begin PBXFrameworksBuildPhase section */
		E464AEA0236A817C00CBAAF2 /* Frameworks */ = {
			isa = PBXFrameworksBuildPhase;
			buildActionMask = 2147483647;
			files = (
				D87A99310F94A459F1B1C8DC /* Pods_Loco.framework in Frameworks */,
			);
			runOnlyForDeploymentPostprocessing = 0;
		};
/* End PBXFrameworksBuildPhase section */

/* Begin PBXGroup section */
		058BFB2251C772B77CA651FF /* Pods */ = {
			isa = PBXGroup;
			children = (
				431A5E0D1D47CE1C2B4F81A2 /* Pods-Loco.debug.xcconfig */,
				4922756B2EC70B40DC47CC23 /* Pods-Loco.release.xcconfig */,
			);
			name = Pods;
			path = Pods;
			sourceTree = "<group>";
		};
		4EB2978BBA3157DAD85411A4 /* Frameworks */ = {
			isa = PBXGroup;
			children = (
				2B324BAA74FF731D419643EC /* Pods_Loco.framework */,
			);
			name = Frameworks;
			sourceTree = "<group>";
		};
		E464AE9A236A817C00CBAAF2 = {
			isa = PBXGroup;
			children = (
				E464AEA5236A817C00CBAAF2 /* Loco */,
				E464AEA4236A817C00CBAAF2 /* Products */,
				058BFB2251C772B77CA651FF /* Pods */,
				4EB2978BBA3157DAD85411A4 /* Frameworks */,
			);
			sourceTree = "<group>";
		};
		E464AEA4236A817C00CBAAF2 /* Products */ = {
			isa = PBXGroup;
			children = (
				E464AEA3236A817C00CBAAF2 /* Loco.app */,
			);
			name = Products;
			sourceTree = "<group>";
		};
		E464AEA5236A817C00CBAAF2 /* Loco */ = {
			isa = PBXGroup;
			children = (
				E464AEA6236A817C00CBAAF2 /* AppDelegate.swift */,
				E464AEA8236A817C00CBAAF2 /* ViewController.swift */,
				E464AEAA236A817C00CBAAF2 /* Main.storyboard */,
				E464AEAD236A817D00CBAAF2 /* Assets.xcassets */,
				E464AEAF236A817D00CBAAF2 /* LaunchScreen.storyboard */,
				E464AEB2236A817D00CBAAF2 /* Info.plist */,
			);
			path = Loco;
			sourceTree = "<group>";
		};
/* End PBXGroup section */

/* Begin PBXNativeTarget section */
		E464AEA2236A817C00CBAAF2 /* Loco */ = {
			isa = PBXNativeTarget;
			buildConfigurationList = E464AEB5236A817D00CBAAF2 /* Build configuration list for PBXNativeTarget "Loco" */;
			buildPhases = (
				EA287DECAFA9F1A77C7FE569 /* [CP] Check Pods Manifest.lock */,
				E464AE9F236A817C00CBAAF2 /* Sources */,
				E464AEA0236A817C00CBAAF2 /* Frameworks */,
				E464AEA1236A817C00CBAAF2 /* Resources */,
				C5F2F1AC2076072CA505121C /* [CP] Copy Pods Resources */,
				8B7DAFA6B868B6237B34B0FA /* [CP] Embed Pods Frameworks */,
			);
			buildRules = (
			);
			dependencies = (
			);
			name = Loco;
			productName = Loco;
			productReference = E464AEA3236A817C00CBAAF2 /* Loco.app */;
			productType = "com.apple.product-type.application";
		};
/* End PBXNativeTarget section */

/* Begin PBXProject section */
		E464AE9B236A817C00CBAAF2 /* Project object */ = {
			isa = PBXProject;
			attributes = {
				LastSwiftUpdateCheck = 1020;
				LastUpgradeCheck = 1020;
				ORGANIZATIONNAME = zhuosi777;
				TargetAttributes = {
					E464AEA2236A817C00CBAAF2 = {
						CreatedOnToolsVersion = 10.2.1;
					};
				};
			};
			buildConfigurationList = E464AE9E236A817C00CBAAF2 /* Build configuration list for PBXProject "Loco" */;
			compatibilityVersion = "Xcode 9.3";
			developmentRegion = en;
			hasScannedForEncodings = 0;
			knownRegions = (
				en,
				Base,
			);
			mainGroup = E464AE9A236A817C00CBAAF2;
			productRefGroup = E464AEA4236A817C00CBAAF2 /* Products */;
			projectDirPath = "";
			projectRoot = "";
			targets = (
				E464AEA2236A817C00CBAAF2 /* Loco */,
			);
		};
/* End PBXProject section */

/* Begin PBXResourcesBuildPhase section */
		E464AEA1236A817C00CBAAF2 /* Resources */ = {
			isa = PBXResourcesBuildPhase;
			buildActionMask = 2147483647;
			files = (
				E464AEB1236A817D00CBAAF2 /* LaunchScreen.storyboard in Resources */,
				E464AEAE236A817D00CBAAF2 /* Assets.xcassets in Resources */,
				E464AEAC236A817C00CBAAF2 /* Main.storyboard in Resources */,
			);
			runOnlyForDeploymentPostprocessing = 0;
		};
/* End PBXResourcesBuildPhase section */

/* Begin PBXShellScriptBuildPhase section */
		8B7DAFA6B868B6237B34B0FA /* [CP] Embed Pods Frameworks */ = {
			isa = PBXShellScriptBuildPhase;
			buildActionMask = 2147483647;
			files = (
			);
			inputFileListPaths = (
				"${PODS_ROOT}/Target Support Files/Pods-Loco/Pods-Loco-frameworks-${CONFIGURATION}-input-files.xcfilelist",
			);
			name = "[CP] Embed Pods Frameworks";
			outputFileListPaths = (
				"${PODS_ROOT}/Target Support Files/Pods-Loco/Pods-Loco-frameworks-${CONFIGURATION}-output-files.xcfilelist",
			);
			runOnlyForDeploymentPostprocessing = 0;
			shellPath = /bin/sh;
			shellScript = "\"${PODS_ROOT}/Target Support Files/Pods-Loco/Pods-Loco-frameworks.sh\"\n";
			showEnvVarsInLog = 0;
		};
		C5F2F1AC2076072CA505121C /* [CP] Copy Pods Resources */ = {
			isa = PBXShellScriptBuildPhase;
			buildActionMask = 2147483647;
			files = (
			);
			inputFileListPaths = (
				"${PODS_ROOT}/Target Support Files/Pods-Loco/Pods-Loco-resources-${CONFIGURATION}-input-files.xcfilelist",
			);
			name = "[CP] Copy Pods Resources";
			outputFileListPaths = (
				"${PODS_ROOT}/Target Support Files/Pods-Loco/Pods-Loco-resources-${CONFIGURATION}-output-files.xcfilelist",
			);
			runOnlyForDeploymentPostprocessing = 0;
			shellPath = /bin/sh;
			shellScript = "\"${PODS_ROOT}/Target Support Files/Pods-Loco/Pods-Loco-resources.sh\"\n";
			showEnvVarsInLog = 0;
		};
		EA287DECAFA9F1A77C7FE569 /* [CP] Check Pods Manifest.lock */ = {
			isa = PBXShellScriptBuildPhase;
			buildActionMask = 2147483647;
			files = (
			);
			inputFileListPaths = (
			);
			inputPaths = (
				"${PODS_PODFILE_DIR_PATH}/Podfile.lock",
				"${PODS_ROOT}/Manifest.lock",
			);
			name = "[CP] Check Pods Manifest.lock";
			outputFileListPaths = (
			);
			outputPaths = (
				"$(DERIVED_FILE_DIR)/Pods-Loco-checkManifestLockResult.txt",
			);
			runOnlyForDeploymentPostprocessing = 0;
			shellPath = /bin/sh;
			shellScript = "diff \"${PODS_PODFILE_DIR_PATH}/Podfile.lock\" \"${PODS_ROOT}/Manifest.lock\" > /dev/null\nif [ $? != 0 ] ; then\n    # print error to STDERR\n    echo \"error: The sandbox is not in sync with the Podfile.lock. Run 'pod install' or update your CocoaPods installation.\" >&2\n    exit 1\nfi\n# This output is used by Xcode 'outputs' to avoid re-running this script phase.\necho \"SUCCESS\" > \"${SCRIPT_OUTPUT_FILE_0}\"\n";
			showEnvVarsInLog = 0;
		};
/* End PBXShellScriptBuildPhase section */

/* Begin PBXSourcesBuildPhase section */
		E464AE9F236A817C00CBAAF2 /* Sources */ = {
			isa = PBXSourcesBuildPhase;
			buildActionMask = 2147483647;
			files = (
				E464AEA9236A817C00CBAAF2 /* ViewController.swift in Sources */,
				E464AEA7236A817C00CBAAF2 /* AppDelegate.swift in Sources */,
			);
			runOnlyForDeploymentPostprocessing = 0;
		};
/* End PBXSourcesBuildPhase section */

/* Begin PBXVariantGroup section */
		E464AEAA236A817C00CBAAF2 /* Main.storyboard */ = {
			isa = PBXVariantGroup;
			children = (
				E464AEAB236A817C00CBAAF2 /* Base */,
			);
			name = Main.storyboard;
			sourceTree = "<group>";
		};
		E464AEAF236A817D00CBAAF2 /* LaunchScreen.storyboard */ = {
			isa = PBXVariantGroup;
			children = (
				E464AEB0236A817D00CBAAF2 /* Base */,
			);
			name = LaunchScreen.storyboard;
			sourceTree = "<group>";
		};
/* End PBXVariantGroup section */

/* Begin XCBuildConfiguration section */
		E464AEB3236A817D00CBAAF2 /* Debug */ = {
			isa = XCBuildConfiguration;
			buildSettings = {
				ALWAYS_SEARCH_USER_PATHS = NO;
				CLANG_ANALYZER_NONNULL = YES;
				CLANG_ANALYZER_NUMBER_OBJECT_CONVERSION = YES_AGGRESSIVE;
				CLANG_CXX_LANGUAGE_STANDARD = "gnu++14";
				CLANG_CXX_LIBRARY = "libc++";
				CLANG_ENABLE_MODULES = YES;
				CLANG_ENABLE_OBJC_ARC = YES;
				CLANG_ENABLE_OBJC_WEAK = YES;
				CLANG_WARN_BLOCK_CAPTURE_AUTORELEASING = YES;
				CLANG_WARN_BOOL_CONVERSION = YES;
				CLANG_WARN_COMMA = YES;
				CLANG_WARN_CONSTANT_CONVERSION = YES;
				CLANG_WARN_DEPRECATED_OBJC_IMPLEMENTATIONS = YES;
				CLANG_WARN_DIRECT_OBJC_ISA_USAGE = YES_ERROR;
				CLANG_WARN_DOCUMENTATION_COMMENTS = YES;
				CLANG_WARN_EMPTY_BODY = YES;
				CLANG_WARN_ENUM_CONVERSION = YES;
				CLANG_WARN_INFINITE_RECURSION = YES;
				CLANG_WARN_INT_CONVERSION = YES;
				CLANG_WARN_NON_LITERAL_NULL_CONVERSION = YES;
				CLANG_WARN_OBJC_IMPLICIT_RETAIN_SELF = YES;
				CLANG_WARN_OBJC_LITERAL_CONVERSION = YES;
				CLANG_WARN_OBJC_ROOT_CLASS = YES_ERROR;
				CLANG_WARN_RANGE_LOOP_ANALYSIS = YES;
				CLANG_WARN_STRICT_PROTOTYPES = YES;
				CLANG_WARN_SUSPICIOUS_MOVE = YES;
				CLANG_WARN_UNGUARDED_AVAILABILITY = YES_AGGRESSIVE;
				CLANG_WARN_UNREACHABLE_CODE = YES;
				CLANG_WARN__DUPLICATE_METHOD_MATCH = YES;
				CODE_SIGN_IDENTITY = "iPhone Developer";
				COPY_PHASE_STRIP = NO;
				DEBUG_INFORMATION_FORMAT = dwarf;
				ENABLE_STRICT_OBJC_MSGSEND = YES;
				ENABLE_TESTABILITY = YES;
				GCC_C_LANGUAGE_STANDARD = gnu11;
				GCC_DYNAMIC_NO_PIC = NO;
				GCC_NO_COMMON_BLOCKS = YES;
				GCC_OPTIMIZATION_LEVEL = 0;
				GCC_PREPROCESSOR_DEFINITIONS = (
					"DEBUG=1",
					"$(inherited)",
				);
				GCC_WARN_64_TO_32_BIT_CONVERSION = YES;
				GCC_WARN_ABOUT_RETURN_TYPE = YES_ERROR;
				GCC_WARN_UNDECLARED_SELECTOR = YES;
				GCC_WARN_UNINITIALIZED_AUTOS = YES_AGGRESSIVE;
				GCC_WARN_UNUSED_FUNCTION = YES;
				GCC_WARN_UNUSED_VARIABLE = YES;
				IPHONEOS_DEPLOYMENT_TARGET = 12.2;
				MTL_ENABLE_DEBUG_INFO = INCLUDE_SOURCE;
				MTL_FAST_MATH = YES;
				ONLY_ACTIVE_ARCH = YES;
				SDKROOT = iphoneos;
				SWIFT_ACTIVE_COMPILATION_CONDITIONS = DEBUG;
				SWIFT_OPTIMIZATION_LEVEL = "-Onone";
			};
			name = Debug;
		};
		E464AEB4236A817D00CBAAF2 /* Release */ = {
			isa = XCBuildConfiguration;
			buildSettings = {
				ALWAYS_SEARCH_USER_PATHS = NO;
				CLANG_ANALYZER_NONNULL = YES;
				CLANG_ANALYZER_NUMBER_OBJECT_CONVERSION = YES_AGGRESSIVE;
				CLANG_CXX_LANGUAGE_STANDARD = "gnu++14";
				CLANG_CXX_LIBRARY = "libc++";
				CLANG_ENABLE_MODULES = YES;
				CLANG_ENABLE_OBJC_ARC = YES;
				CLANG_ENABLE_OBJC_WEAK = YES;
				CLANG_WARN_BLOCK_CAPTURE_AUTORELEASING = YES;
				CLANG_WARN_BOOL_CONVERSION = YES;
				CLANG_WARN_COMMA = YES;
				CLANG_WARN_CONSTANT_CONVERSION = YES;
				CLANG_WARN_DEPRECATED_OBJC_IMPLEMENTATIONS = YES;
				CLANG_WARN_DIRECT_OBJC_ISA_USAGE = YES_ERROR;
				CLANG_WARN_DOCUMENTATION_COMMENTS = YES;
				CLANG_WARN_EMPTY_BODY = YES;
				CLANG_WARN_ENUM_CONVERSION = YES;
				CLANG_WARN_INFINITE_RECURSION = YES;
				CLANG_WARN_INT_CONVERSION = YES;
				CLANG_WARN_NON_LITERAL_NULL_CONVERSION = YES;
				CLANG_WARN_OBJC_IMPLICIT_RETAIN_SELF = YES;
				CLANG_WARN_OBJC_LITERAL_CONVERSION = YES;
				CLANG_WARN_OBJC_ROOT_CLASS = YES_ERROR;
				CLANG_WARN_RANGE_LOOP_ANALYSIS = YES;
				CLANG_WARN_STRICT_PROTOTYPES = YES;
				CLANG_WARN_SUSPICIOUS_MOVE = YES;
				CLANG_WARN_UNGUARDED_AVAILABILITY = YES_AGGRESSIVE;
				CLANG_WARN_UNREACHABLE_CODE = YES;
				CLANG_WARN__DUPLICATE_METHOD_MATCH = YES;
				CODE_SIGN_IDENTITY = "iPhone Developer";
				COPY_PHASE_STRIP = NO;
				DEBUG_INFORMATION_FORMAT = "dwarf-with-dsym";
				ENABLE_NS_ASSERTIONS = NO;
				ENABLE_STRICT_OBJC_MSGSEND = YES;
				GCC_C_LANGUAGE_STANDARD = gnu11;
				GCC_NO_COMMON_BLOCKS = YES;
				GCC_WARN_64_TO_32_BIT_CONVERSION = YES;
				GCC_WARN_ABOUT_RETURN_TYPE = YES_ERROR;
				GCC_WARN_UNDECLARED_SELECTOR = YES;
				GCC_WARN_UNINITIALIZED_AUTOS = YES_AGGRESSIVE;
				GCC_WARN_UNUSED_FUNCTION = YES;
				GCC_WARN_UNUSED_VARIABLE = YES;
				IPHONEOS_DEPLOYMENT_TARGET = 12.2;
				MTL_ENABLE_DEBUG_INFO = NO;
				MTL_FAST_MATH = YES;
				SDKROOT = iphoneos;
				SWIFT_COMPILATION_MODE = wholemodule;
				SWIFT_OPTIMIZATION_LEVEL = "-O";
				VALIDATE_PRODUCT = YES;
			};
			name = Release;
		};
		E464AEB6236A817D00CBAAF2 /* Debug */ = {
			isa = XCBuildConfiguration;
			baseConfigurationReference = 431A5E0D1D47CE1C2B4F81A2 /* Pods-Loco.debug.xcconfig */;
			buildSettings = {
				ASSETCATALOG_COMPILER_APPICON_NAME = AppIcon;
				CODE_SIGN_STYLE = Automatic;
				INFOPLIST_FILE = Loco/Info.plist;
				LD_RUNPATH_SEARCH_PATHS = (
					"$(inherited)",
					"@executable_path/Frameworks",
				);
				PRODUCT_BUNDLE_IDENTIFIER = com.Loco;
				PRODUCT_NAME = "$(TARGET_NAME)";
				SWIFT_VERSION = 5.0;
				TARGETED_DEVICE_FAMILY = "1,2";
			};
			name = Debug;
		};
		E464AEB7236A817D00CBAAF2 /* Release */ = {
			isa = XCBuildConfiguration;
			baseConfigurationReference = 4922756B2EC70B40DC47CC23 /* Pods-Loco.release.xcconfig */;
			buildSettings = {
				ASSETCATALOG_COMPILER_APPICON_NAME = AppIcon;
				CODE_SIGN_STYLE = Automatic;
				INFOPLIST_FILE = Loco/Info.plist;
				LD_RUNPATH_SEARCH_PATHS = (
					"$(inherited)",
					"@executable_path/Frameworks",
				);
				PRODUCT_BUNDLE_IDENTIFIER = com.Loco;
				PRODUCT_NAME = "$(TARGET_NAME)";
				SWIFT_VERSION = 5.0;
				TARGETED_DEVICE_FAMILY = "1,2";
			};
			name = Release;
		};
/* End XCBuildConfiguration section */

/* Begin XCConfigurationList section */
		E464AE9E236A817C00CBAAF2 /* Build configuration list for PBXProject "Loco" */ = {
			isa = XCConfigurationList;
			buildConfigurations = (
				E464AEB3236A817D00CBAAF2 /* Debug */,
				E464AEB4236A817D00CBAAF2 /* Release */,
			);
			defaultConfigurationIsVisible = 0;
			defaultConfigurationName = Release;
		};
		E464AEB5236A817D00CBAAF2 /* Build configuration list for PBXNativeTarget "Loco" */ = {
			isa = XCConfigurationList;
			buildConfigurations = (
				E464AEB6236A817D00CBAAF2 /* Debug */,
				E464AEB7236A817D00CBAAF2 /* Release */,
			);
			defaultConfigurationIsVisible = 0;
			defaultConfigurationName = Release;
		};
/* End XCConfigurationList section */
	};
	rootObject = E464AE9B236A817C00CBAAF2 /* Project object */;
}
